
Microsoft Visual Studio Solution File, Format Version 12.00
# Visual Studio Version 17
VisualStudioVersion = 17.10.35004.147
MinimumVisualStudioVersion = 10.0.40219.1
Project("{9A19103F-16F7-4668-BE54-9A1E7A4F7556}") = "BlazorSqlite", "BlazorSqlite\BlazorSqlite.csproj", "{CE76DA6D-CE4D-4162-AF4D-9D396470FE02}"
EndProject
Global
	GlobalSection(SolutionConfigurationPlatforms) = preSolution
		Debug|Any CPU = Debug|Any CPU
		Release|Any CPU = Release|Any CPU
	EndGlobalSection
	GlobalSection(ProjectConfigurationPlatforms) = postSolution
		{CE76DA6D-CE4D-4162-AF4D-9D396470FE02}.Debug|Any CPU.ActiveCfg = Debug|Any CPU
		{CE76DA6D-CE4D-4162-AF4D-9D396470FE02}.Debug|Any CPU.Build.0 = Debug|Any CPU
		{CE76DA6D-CE4D-4162-AF4D-9D396470FE02}.Release|Any CPU.ActiveCfg = Release|Any CPU
		{CE76DA6D-CE4D-4162-AF4D-9D396470FE02}.Release|Any CPU.Build.0 = Release|Any CPU
	EndGlobalSection
	GlobalSection(SolutionProperties) = preSolution
		HideSolutionNode = FALSE
	EndGlobalSection
	GlobalSection(ExtensibilityGlobals) = postSolution
		SolutionGuid = {127B99AD-EF16-4295-92DC-B45D7798960A}
	EndGlobalSection
EndGlobal
